// !$*UTF8*$!
{
	archiveVersion = 1;
	classes = {
	};
	objectVersion = 48;
	objects = {

/* Begin PBXBuildFile section */
		BE927514201522F100BD2761 /* main.swift in Sources */ = {isa = PBXBuildFile; fileRef = BE927513201522F100BD2761 /* main.swift */; };
		BEFE541B2067F2EA00FEFE93 /* Errors.swift in Sources */ = {isa = PBXBuildFile; fileRef = BEFE541A2067F2EA00FEFE93 /* Errors.swift */; };
		BEFE542920682CA100FEFE93 /* Input.swift in Sources */ = {isa = PBXBuildFile; fileRef = BEFE542820682CA100FEFE93 /* Input.swift */; };
		BEFE54352068379900FEFE93 /* MarkdownTableGenerator.h in Headers */ = {isa = PBXBuildFile; fileRef = BEFE54332068379900FEFE93 /* MarkdownTableGenerator.h */; settings = {ATTRIBUTES = (Public, ); }; };
		BEFE54392068379E00FEFE93 /* MarkdownTable.swift in Sources */ = {isa = PBXBuildFile; fileRef = BEFE542A2068304800FEFE93 /* MarkdownTable.swift */; };
		BEFE543B206837C400FEFE93 /* MarkdownTableGenerator.framework in Frameworks */ = {isa = PBXBuildFile; fileRef = BEFE54312068379900FEFE93 /* MarkdownTableGenerator.framework */; };
		BEFE5447206956B900FEFE93 /* MarkdownTableGeneratorTests.swift in Sources */ = {isa = PBXBuildFile; fileRef = BEFE5446206956B900FEFE93 /* MarkdownTableGeneratorTests.swift */; };
		BEFE5449206956B900FEFE93 /* MarkdownTableGenerator.framework in Frameworks */ = {isa = PBXBuildFile; fileRef = BEFE54312068379900FEFE93 /* MarkdownTableGenerator.framework */; };
/* End PBXBuildFile section */

/* Begin PBXContainerItemProxy section */
		BEFE544A206956B900FEFE93 /* PBXContainerItemProxy */ = {
			isa = PBXContainerItemProxy;
			containerPortal = BE927508201522F100BD2761 /* Project object */;
			proxyType = 1;
			remoteGlobalIDString = BEFE54302068379900FEFE93;
			remoteInfo = MarkdownTableGenerator;
		};
/* End PBXContainerItemProxy section */

/* Begin PBXCopyFilesBuildPhase section */
		BE92750E201522F100BD2761 /* CopyFiles */ = {
			isa = PBXCopyFilesBuildPhase;
			buildActionMask = 2147483647;
			dstPath = /usr/share/man/man1/;
			dstSubfolderSpec = 0;
			files = (
			);
			runOnlyForDeploymentPostprocessing = 1;
		};
/* End PBXCopyFilesBuildPhase section */

/* Begin PBXFileReference section */
		BE927510201522F100BD2761 /* Example */ = {isa = PBXFileReference; explicitFileType = "compiled.mach-o.executable"; includeInIndex = 0; path = Example; sourceTree = BUILT_PRODUCTS_DIR; };
		BE927513201522F100BD2761 /* main.swift */ = {isa = PBXFileReference; lastKnownFileType = sourcecode.swift; path = main.swift; sourceTree = "<group>"; };
		BEFE541A2067F2EA00FEFE93 /* Errors.swift */ = {isa = PBXFileReference; lastKnownFileType = sourcecode.swift; path = Errors.swift; sourceTree = "<group>"; };
		BEFE542820682CA100FEFE93 /* Input.swift */ = {isa = PBXFileReference; lastKnownFileType = sourcecode.swift; path = Input.swift; sourceTree = "<group>"; };
		BEFE542A2068304800FEFE93 /* MarkdownTable.swift */ = {isa = PBXFileReference; lastKnownFileType = sourcecode.swift; path = MarkdownTable.swift; sourceTree = "<group>"; };
		BEFE54312068379900FEFE93 /* MarkdownTableGenerator.framework */ = {isa = PBXFileReference; explicitFileType = wrapper.framework; includeInIndex = 0; path = MarkdownTableGenerator.framework; sourceTree = BUILT_PRODUCTS_DIR; };
		BEFE54332068379900FEFE93 /* MarkdownTableGenerator.h */ = {isa = PBXFileReference; lastKnownFileType = sourcecode.c.h; path = MarkdownTableGenerator.h; sourceTree = "<group>"; };
		BEFE54342068379900FEFE93 /* Info.plist */ = {isa = PBXFileReference; lastKnownFileType = text.plist.xml; path = Info.plist; sourceTree = "<group>"; };
		BEFE5444206956B900FEFE93 /* MarkdownTableGeneratorTests.xctest */ = {isa = PBXFileReference; explicitFileType = wrapper.cfbundle; includeInIndex = 0; path = MarkdownTableGeneratorTests.xctest; sourceTree = BUILT_PRODUCTS_DIR; };
		BEFE5446206956B900FEFE93 /* MarkdownTableGeneratorTests.swift */ = {isa = PBXFileReference; lastKnownFileType = sourcecode.swift; path = MarkdownTableGeneratorTests.swift; sourceTree = "<group>"; };
		BEFE5448206956B900FEFE93 /* Info.plist */ = {isa = PBXFileReference; lastKnownFileType = text.plist.xml; path = Info.plist; sourceTree = "<group>"; };
/* End PBXFileReference section */

/* Begin PBXFrameworksBuildPhase section */
		BE92750D201522F100BD2761 /* Frameworks */ = {
			isa = PBXFrameworksBuildPhase;
			buildActionMask = 2147483647;
			files = (
				BEFE543B206837C400FEFE93 /* MarkdownTableGenerator.framework in Frameworks */,
			);
			runOnlyForDeploymentPostprocessing = 0;
		};
		BEFE542D2068379900FEFE93 /* Frameworks */ = {
			isa = PBXFrameworksBuildPhase;
			buildActionMask = 2147483647;
			files = (
			);
			runOnlyForDeploymentPostprocessing = 0;
		};
		BEFE5441206956B900FEFE93 /* Frameworks */ = {
			isa = PBXFrameworksBuildPhase;
			buildActionMask = 2147483647;
			files = (
				BEFE5449206956B900FEFE93 /* MarkdownTableGenerator.framework in Frameworks */,
			);
			runOnlyForDeploymentPostprocessing = 0;
		};
/* End PBXFrameworksBuildPhase section */

/* Begin PBXGroup section */
		BE927507201522F100BD2761 = {
			isa = PBXGroup;
			children = (
				BE927512201522F100BD2761 /* Markdown Table Gen */,
				BEFE54322068379900FEFE93 /* MarkdownTableGenerator */,
				BEFE5445206956B900FEFE93 /* MarkdownTableGeneratorTests */,
				BE927511201522F100BD2761 /* Products */,
				BEFE543A206837C400FEFE93 /* Frameworks */,
			);
			sourceTree = "<group>";
		};
		BE927511201522F100BD2761 /* Products */ = {
			isa = PBXGroup;
			children = (
				BE927510201522F100BD2761 /* Example */,
				BEFE54312068379900FEFE93 /* MarkdownTableGenerator.framework */,
				BEFE5444206956B900FEFE93 /* MarkdownTableGeneratorTests.xctest */,
			);
			name = Products;
			sourceTree = "<group>";
		};
		BE927512201522F100BD2761 /* Markdown Table Gen */ = {
			isa = PBXGroup;
			children = (
				BEFE54192067F2E000FEFE93 /* Util */,
				BE927513201522F100BD2761 /* main.swift */,
			);
			path = "Markdown Table Gen";
			sourceTree = "<group>";
		};
		BEFE54192067F2E000FEFE93 /* Util */ = {
			isa = PBXGroup;
			children = (
				BEFE541A2067F2EA00FEFE93 /* Errors.swift */,
				BEFE542820682CA100FEFE93 /* Input.swift */,
			);
			path = Util;
			sourceTree = "<group>";
		};
		BEFE54322068379900FEFE93 /* MarkdownTableGenerator */ = {
			isa = PBXGroup;
			children = (
				BEFE54332068379900FEFE93 /* MarkdownTableGenerator.h */,
				BEFE542A2068304800FEFE93 /* MarkdownTable.swift */,
				BEFE54342068379900FEFE93 /* Info.plist */,
			);
			path = MarkdownTableGenerator;
			sourceTree = "<group>";
		};
		BEFE543A206837C400FEFE93 /* Frameworks */ = {
			isa = PBXGroup;
			children = (
			);
			name = Frameworks;
			sourceTree = "<group>";
		};
		BEFE5445206956B900FEFE93 /* MarkdownTableGeneratorTests */ = {
			isa = PBXGroup;
			children = (
				BEFE5446206956B900FEFE93 /* MarkdownTableGeneratorTests.swift */,
				BEFE5448206956B900FEFE93 /* Info.plist */,
			);
			path = MarkdownTableGeneratorTests;
			sourceTree = "<group>";
		};
/* End PBXGroup section */

/* Begin PBXHeadersBuildPhase section */
		BEFE542E2068379900FEFE93 /* Headers */ = {
			isa = PBXHeadersBuildPhase;
			buildActionMask = 2147483647;
			files = (
				BEFE54352068379900FEFE93 /* MarkdownTableGenerator.h in Headers */,
			);
			runOnlyForDeploymentPostprocessing = 0;
		};
/* End PBXHeadersBuildPhase section */

/* Begin PBXNativeTarget section */
		BE92750F201522F100BD2761 /* Example */ = {
			isa = PBXNativeTarget;
			buildConfigurationList = BE927517201522F100BD2761 /* Build configuration list for PBXNativeTarget "Example" */;
			buildPhases = (
				BE92750C201522F100BD2761 /* Sources */,
				BE92750D201522F100BD2761 /* Frameworks */,
				BE92750E201522F100BD2761 /* CopyFiles */,
			);
			buildRules = (
			);
			dependencies = (
			);
			name = Example;
			productName = "Markdown Table Gen";
			productReference = BE927510201522F100BD2761 /* Example */;
			productType = "com.apple.product-type.tool";
		};
		BEFE54302068379900FEFE93 /* MarkdownTableGenerator */ = {
			isa = PBXNativeTarget;
			buildConfigurationList = BEFE54382068379900FEFE93 /* Build configuration list for PBXNativeTarget "MarkdownTableGenerator" */;
			buildPhases = (
				BEFE542C2068379900FEFE93 /* Sources */,
				BEFE542D2068379900FEFE93 /* Frameworks */,
				BEFE542E2068379900FEFE93 /* Headers */,
				BEFE542F2068379900FEFE93 /* Resources */,
			);
			buildRules = (
			);
			dependencies = (
			);
			name = MarkdownTableGenerator;
			productName = MarkdownTableGenerator;
			productReference = BEFE54312068379900FEFE93 /* MarkdownTableGenerator.framework */;
			productType = "com.apple.product-type.framework";
		};
		BEFE5443206956B900FEFE93 /* MarkdownTableGeneratorTests */ = {
			isa = PBXNativeTarget;
			buildConfigurationList = BEFE544C206956B900FEFE93 /* Build configuration list for PBXNativeTarget "MarkdownTableGeneratorTests" */;
			buildPhases = (
				BEFE5440206956B900FEFE93 /* Sources */,
				BEFE5441206956B900FEFE93 /* Frameworks */,
				BEFE5442206956B900FEFE93 /* Resources */,
			);
			buildRules = (
			);
			dependencies = (
				BEFE544B206956B900FEFE93 /* PBXTargetDependency */,
			);
			name = MarkdownTableGeneratorTests;
			productName = MarkdownTableGeneratorTests;
			productReference = BEFE5444206956B900FEFE93 /* MarkdownTableGeneratorTests.xctest */;
			productType = "com.apple.product-type.bundle.unit-test";
		};
/* End PBXNativeTarget section */

/* Begin PBXProject section */
		BE927508201522F100BD2761 /* Project object */ = {
			isa = PBXProject;
			attributes = {
				LastSwiftUpdateCheck = 0920;
				LastUpgradeCheck = 0920;
				ORGANIZATIONNAME = "Silver Fox";
				TargetAttributes = {
					BE92750F201522F100BD2761 = {
						CreatedOnToolsVersion = 9.2;
						ProvisioningStyle = Automatic;
					};
					BEFE54302068379900FEFE93 = {
						CreatedOnToolsVersion = 9.2;
						ProvisioningStyle = Automatic;
					};
					BEFE5443206956B900FEFE93 = {
						CreatedOnToolsVersion = 9.2;
						ProvisioningStyle = Automatic;
					};
				};
			};
			buildConfigurationList = BE92750B201522F100BD2761 /* Build configuration list for PBXProject "Markdown Table Gen" */;
			compatibilityVersion = "Xcode 8.0";
			developmentRegion = en;
			hasScannedForEncodings = 0;
			knownRegions = (
				en,
			);
			mainGroup = BE927507201522F100BD2761;
			productRefGroup = BE927511201522F100BD2761 /* Products */;
			projectDirPath = "";
			projectRoot = "";
			targets = (
				BE92750F201522F100BD2761 /* Example */,
				BEFE54302068379900FEFE93 /* MarkdownTableGenerator */,
				BEFE5443206956B900FEFE93 /* MarkdownTableGeneratorTests */,
			);
		};
/* End PBXProject section */

/* Begin PBXResourcesBuildPhase section */
		BEFE542F2068379900FEFE93 /* Resources */ = {
			isa = PBXResourcesBuildPhase;
			buildActionMask = 2147483647;
			files = (
			);
			runOnlyForDeploymentPostprocessing = 0;
		};
		BEFE5442206956B900FEFE93 /* Resources */ = {
			isa = PBXResourcesBuildPhase;
			buildActionMask = 2147483647;
			files = (
			);
			runOnlyForDeploymentPostprocessing = 0;
		};
/* End PBXResourcesBuildPhase section */

/* Begin PBXSourcesBuildPhase section */
		BE92750C201522F100BD2761 /* Sources */ = {
			isa = PBXSourcesBuildPhase;
			buildActionMask = 2147483647;
			files = (
				BEFE542920682CA100FEFE93 /* Input.swift in Sources */,
				BEFE541B2067F2EA00FEFE93 /* Errors.swift in Sources */,
				BE927514201522F100BD2761 /* main.swift in Sources */,
			);
			runOnlyForDeploymentPostprocessing = 0;
		};
		BEFE542C2068379900FEFE93 /* Sources */ = {
			isa = PBXSourcesBuildPhase;
			buildActionMask = 2147483647;
			files = (
				BEFE54392068379E00FEFE93 /* MarkdownTable.swift in Sources */,
			);
			runOnlyForDeploymentPostprocessing = 0;
		};
		BEFE5440206956B900FEFE93 /* Sources */ = {
			isa = PBXSourcesBuildPhase;
			buildActionMask = 2147483647;
			files = (
				BEFE5447206956B900FEFE93 /* MarkdownTableGeneratorTests.swift in Sources */,
			);
			runOnlyForDeploymentPostprocessing = 0;
		};
/* End PBXSourcesBuildPhase section */

/* Begin PBXTargetDependency section */
		BEFE544B206956B900FEFE93 /* PBXTargetDependency */ = {
			isa = PBXTargetDependency;
			target = BEFE54302068379900FEFE93 /* MarkdownTableGenerator */;
			targetProxy = BEFE544A206956B900FEFE93 /* PBXContainerItemProxy */;
		};
/* End PBXTargetDependency section */

/* Begin XCBuildConfiguration section */
		BE927515201522F100BD2761 /* Debug */ = {
			isa = XCBuildConfiguration;
			buildSettings = {
				ALWAYS_SEARCH_USER_PATHS = NO;
				CLANG_ANALYZER_NONNULL = YES;
				CLANG_ANALYZER_NUMBER_OBJECT_CONVERSION = YES_AGGRESSIVE;
				CLANG_CXX_LANGUAGE_STANDARD = "gnu++14";
				CLANG_CXX_LIBRARY = "libc++";
				CLANG_ENABLE_MODULES = YES;
				CLANG_ENABLE_OBJC_ARC = YES;
				CLANG_WARN_BLOCK_CAPTURE_AUTORELEASING = YES;
				CLANG_WARN_BOOL_CONVERSION = YES;
				CLANG_WARN_COMMA = YES;
				CLANG_WARN_CONSTANT_CONVERSION = YES;
				CLANG_WARN_DIRECT_OBJC_ISA_USAGE = YES_ERROR;
				CLANG_WARN_DOCUMENTATION_COMMENTS = YES;
				CLANG_WARN_EMPTY_BODY = YES;
				CLANG_WARN_ENUM_CONVERSION = YES;
				CLANG_WARN_INFINITE_RECURSION = YES;
				CLANG_WARN_INT_CONVERSION = YES;
				CLANG_WARN_NON_LITERAL_NULL_CONVERSION = YES;
				CLANG_WARN_OBJC_LITERAL_CONVERSION = YES;
				CLANG_WARN_OBJC_ROOT_CLASS = YES_ERROR;
				CLANG_WARN_RANGE_LOOP_ANALYSIS = YES;
				CLANG_WARN_STRICT_PROTOTYPES = YES;
				CLANG_WARN_SUSPICIOUS_MOVE = YES;
				CLANG_WARN_UNGUARDED_AVAILABILITY = YES_AGGRESSIVE;
				CLANG_WARN_UNREACHABLE_CODE = YES;
				CLANG_WARN__DUPLICATE_METHOD_MATCH = YES;
				CODE_SIGN_IDENTITY = "Mac Developer";
				COPY_PHASE_STRIP = NO;
				DEBUG_INFORMATION_FORMAT = dwarf;
				ENABLE_STRICT_OBJC_MSGSEND = YES;
				ENABLE_TESTABILITY = YES;
				GCC_C_LANGUAGE_STANDARD = gnu11;
				GCC_DYNAMIC_NO_PIC = NO;
				GCC_NO_COMMON_BLOCKS = YES;
				GCC_OPTIMIZATION_LEVEL = 0;
				GCC_PREPROCESSOR_DEFINITIONS = (
					"DEBUG=1",
					"$(inherited)",
				);
				GCC_WARN_64_TO_32_BIT_CONVERSION = YES;
				GCC_WARN_ABOUT_RETURN_TYPE = YES_ERROR;
				GCC_WARN_UNDECLARED_SELECTOR = YES;
				GCC_WARN_UNINITIALIZED_AUTOS = YES_AGGRESSIVE;
				GCC_WARN_UNUSED_FUNCTION = YES;
				GCC_WARN_UNUSED_VARIABLE = YES;
				MACOSX_DEPLOYMENT_TARGET = 10.13;
				MTL_ENABLE_DEBUG_INFO = YES;
				ONLY_ACTIVE_ARCH = YES;
				SDKROOT = macosx;
				SWIFT_ACTIVE_COMPILATION_CONDITIONS = DEBUG;
				SWIFT_OPTIMIZATION_LEVEL = "-Onone";
			};
			name = Debug;
		};
		BE927516201522F100BD2761 /* Release */ = {
			isa = XCBuildConfiguration;
			buildSettings = {
				ALWAYS_SEARCH_USER_PATHS = NO;
				CLANG_ANALYZER_NONNULL = YES;
				CLANG_ANALYZER_NUMBER_OBJECT_CONVERSION = YES_AGGRESSIVE;
				CLANG_CXX_LANGUAGE_STANDARD = "gnu++14";
				CLANG_CXX_LIBRARY = "libc++";
				CLANG_ENABLE_MODULES = YES;
				CLANG_ENABLE_OBJC_ARC = YES;
				CLANG_WARN_BLOCK_CAPTURE_AUTORELEASING = YES;
				CLANG_WARN_BOOL_CONVERSION = YES;
				CLANG_WARN_COMMA = YES;
				CLANG_WARN_CONSTANT_CONVERSION = YES;
				CLANG_WARN_DIRECT_OBJC_ISA_USAGE = YES_ERROR;
				CLANG_WARN_DOCUMENTATION_COMMENTS = YES;
				CLANG_WARN_EMPTY_BODY = YES;
				CLANG_WARN_ENUM_CONVERSION = YES;
				CLANG_WARN_INFINITE_RECURSION = YES;
				CLANG_WARN_INT_CONVERSION = YES;
				CLANG_WARN_NON_LITERAL_NULL_CONVERSION = YES;
				CLANG_WARN_OBJC_LITERAL_CONVERSION = YES;
				CLANG_WARN_OBJC_ROOT_CLASS = YES_ERROR;
				CLANG_WARN_RANGE_LOOP_ANALYSIS = YES;
				CLANG_WARN_STRICT_PROTOTYPES = YES;
				CLANG_WARN_SUSPICIOUS_MOVE = YES;
				CLANG_WARN_UNGUARDED_AVAILABILITY = YES_AGGRESSIVE;
				CLANG_WARN_UNREACHABLE_CODE = YES;
				CLANG_WARN__DUPLICATE_METHOD_MATCH = YES;
				CODE_SIGN_IDENTITY = "Mac Developer";
				COPY_PHASE_STRIP = NO;
				DEBUG_INFORMATION_FORMAT = "dwarf-with-dsym";
				ENABLE_NS_ASSERTIONS = NO;
				ENABLE_STRICT_OBJC_MSGSEND = YES;
				GCC_C_LANGUAGE_STANDARD = gnu11;
				GCC_NO_COMMON_BLOCKS = YES;
				GCC_WARN_64_TO_32_BIT_CONVERSION = YES;
				GCC_WARN_ABOUT_RETURN_TYPE = YES_ERROR;
				GCC_WARN_UNDECLARED_SELECTOR = YES;
				GCC_WARN_UNINITIALIZED_AUTOS = YES_AGGRESSIVE;
				GCC_WARN_UNUSED_FUNCTION = YES;
				GCC_WARN_UNUSED_VARIABLE = YES;
				MACOSX_DEPLOYMENT_TARGET = 10.13;
				MTL_ENABLE_DEBUG_INFO = NO;
				SDKROOT = macosx;
				SWIFT_OPTIMIZATION_LEVEL = "-Owholemodule";
			};
			name = Release;
		};
		BE927518201522F100BD2761 /* Debug */ = {
			isa = XCBuildConfiguration;
			buildSettings = {
				ALWAYS_EMBED_SWIFT_STANDARD_LIBRARIES = NO;
				CODE_SIGN_STYLE = Automatic;
				DEVELOPMENT_TEAM = 6G5LMQ72D8;
				LD_RUNPATH_SEARCH_PATHS = "$(TOOLCHAIN_DIR)/usr/lib/swift/macosx @executable_path";
				PRODUCT_NAME = "$(TARGET_NAME)";
				SWIFT_FORCE_DYNAMIC_LINK_STDLIB = YES;
				SWIFT_FORCE_STATIC_LINK_STDLIB = NO;
				SWIFT_VERSION = 4.0;
			};
			name = Debug;
		};
		BE927519201522F100BD2761 /* Release */ = {
			isa = XCBuildConfiguration;
			buildSettings = {
				ALWAYS_EMBED_SWIFT_STANDARD_LIBRARIES = NO;
				CODE_SIGN_STYLE = Automatic;
				DEVELOPMENT_TEAM = 6G5LMQ72D8;
				LD_RUNPATH_SEARCH_PATHS = "$(TOOLCHAIN_DIR)/usr/lib/swift/macosx @executable_path";
				PRODUCT_NAME = "$(TARGET_NAME)";
				SWIFT_FORCE_DYNAMIC_LINK_STDLIB = YES;
				SWIFT_FORCE_STATIC_LINK_STDLIB = NO;
				SWIFT_VERSION = 4.0;
			};
			name = Release;
		};
		BEFE54362068379900FEFE93 /* Debug */ = {
			isa = XCBuildConfiguration;
			buildSettings = {
				ALWAYS_EMBED_SWIFT_STANDARD_LIBRARIES = NO;
				CODE_SIGN_IDENTITY = "";
				CODE_SIGN_STYLE = Automatic;
				COMBINE_HIDPI_IMAGES = YES;
				CURRENT_PROJECT_VERSION = 1;
				DEFINES_MODULE = YES;
				DEVELOPMENT_TEAM = 6G5LMQ72D8;
				DYLIB_COMPATIBILITY_VERSION = 1;
				DYLIB_CURRENT_VERSION = 1;
				DYLIB_INSTALL_NAME_BASE = "@rpath";
				FRAMEWORK_VERSION = A;
				INFOPLIST_FILE = MarkdownTableGenerator/Info.plist;
				INSTALL_PATH = "$(LOCAL_LIBRARY_DIR)/Frameworks";
				LD_RUNPATH_SEARCH_PATHS = "$(inherited) @executable_path/../Frameworks @loader_path/Frameworks";
				PRODUCT_BUNDLE_IDENTIFIER = be.silverfox.MarkdownTableGenerator;
				PRODUCT_NAME = "$(TARGET_NAME:c99extidentifier)";
				SKIP_INSTALL = YES;
				SWIFT_VERSION = 4.0;
				VERSIONING_SYSTEM = "apple-generic";
				VERSION_INFO_PREFIX = "";
			};
			name = Debug;
		};
		BEFE54372068379900FEFE93 /* Release */ = {
			isa = XCBuildConfiguration;
			buildSettings = {
				ALWAYS_EMBED_SWIFT_STANDARD_LIBRARIES = NO;
				CODE_SIGN_IDENTITY = "";
				CODE_SIGN_STYLE = Automatic;
				COMBINE_HIDPI_IMAGES = YES;
				CURRENT_PROJECT_VERSION = 1;
				DEFINES_MODULE = YES;
				DEVELOPMENT_TEAM = 6G5LMQ72D8;
				DYLIB_COMPATIBILITY_VERSION = 1;
				DYLIB_CURRENT_VERSION = 1;
				DYLIB_INSTALL_NAME_BASE = "@rpath";
				FRAMEWORK_VERSION = A;
				INFOPLIST_FILE = MarkdownTableGenerator/Info.plist;
				INSTALL_PATH = "$(LOCAL_LIBRARY_DIR)/Frameworks";
				LD_RUNPATH_SEARCH_PATHS = "$(inherited) @executable_path/../Frameworks @loader_path/Frameworks";
				PRODUCT_BUNDLE_IDENTIFIER = be.silverfox.MarkdownTableGenerator;
				PRODUCT_NAME = "$(TARGET_NAME:c99extidentifier)";
				SKIP_INSTALL = YES;
				SWIFT_VERSION = 4.0;
				VERSIONING_SYSTEM = "apple-generic";
				VERSION_INFO_PREFIX = "";
			};
			name = Release;
		};
		BEFE544D206956B900FEFE93 /* Debug */ = {
			isa = XCBuildConfiguration;
			buildSettings = {
				CODE_SIGN_STYLE = Automatic;
				COMBINE_HIDPI_IMAGES = YES;
				DEVELOPMENT_TEAM = 6G5LMQ72D8;
				INFOPLIST_FILE = MarkdownTableGeneratorTests/Info.plist;
				LD_RUNPATH_SEARCH_PATHS = "$(inherited) @executable_path/../Frameworks @loader_path/../Frameworks";
				PRODUCT_BUNDLE_IDENTIFIER = be.silverfox.MarkdownTableGeneratorTests;
				PRODUCT_NAME = "$(TARGET_NAME)";
				SWIFT_VERSION = 4.0;
			};
			name = Debug;
		};
		BEFE544E206956B900FEFE93 /* Release */ = {
			isa = XCBuildConfiguration;
			buildSettings = {
				CODE_SIGN_STYLE = Automatic;
				COMBINE_HIDPI_IMAGES = YES;
				DEVELOPMENT_TEAM = 6G5LMQ72D8;
				INFOPLIST_FILE = MarkdownTableGeneratorTests/Info.plist;
				LD_RUNPATH_SEARCH_PATHS = "$(inherited) @executable_path/../Frameworks @loader_path/../Frameworks";
				PRODUCT_BUNDLE_IDENTIFIER = be.silverfox.MarkdownTableGeneratorTests;
				PRODUCT_NAME = "$(TARGET_NAME)";
				SWIFT_VERSION = 4.0;
			};
			name = Release;
		};
/* End XCBuildConfiguration section */

/* Begin XCConfigurationList section */
		BE92750B201522F100BD2761 /* Build configuration list for PBXProject "Markdown Table Gen" */ = {
			isa = XCConfigurationList;
			buildConfigurations = (
				BE927515201522F100BD2761 /* Debug */,
				BE927516201522F100BD2761 /* Release */,
			);
			defaultConfigurationIsVisible = 0;
			defaultConfigurationName = Release;
		};
		BE927517201522F100BD2761 /* Build configuration list for PBXNativeTarget "Example" */ = {
			isa = XCConfigurationList;
			buildConfigurations = (
				BE927518201522F100BD2761 /* Debug */,
				BE927519201522F100BD2761 /* Release */,
			);
			defaultConfigurationIsVisible = 0;
			defaultConfigurationName = Release;
		};
		BEFE54382068379900FEFE93 /* Build configuration list for PBXNativeTarget "MarkdownTableGenerator" */ = {
			isa = XCConfigurationList;
			buildConfigurations = (
				BEFE54362068379900FEFE93 /* Debug */,
				BEFE54372068379900FEFE93 /* Release */,
			);
			defaultConfigurationIsVisible = 0;
			defaultConfigurationName = Release;
		};
		BEFE544C206956B900FEFE93 /* Build configuration list for PBXNativeTarget "MarkdownTableGeneratorTests" */ = {
			isa = XCConfigurationList;
			buildConfigurations = (
				BEFE544D206956B900FEFE93 /* Debug */,
				BEFE544E206956B900FEFE93 /* Release */,
			);
			defaultConfigurationIsVisible = 0;
			defaultConfigurationName = Release;
		};
/* End XCConfigurationList section */
	};
	rootObject = BE927508201522F100BD2761 /* Project object */;
}
